
Microsoft Visual Studio Solution File, Format Version 12.00
# Visual Studio 15
VisualStudioVersion = 15.0.28307.1267
MinimumVisualStudioVersion = 10.0.40219.1
Project("{8BC9CEB8-8B4A-11D0-8D11-00A0C91BC942}") = "Timber", "Timber\Timber.vcxproj", "{E0D99EFE-E18E-474E-8EA3-68861DFE0431}"
EndProject
Global
	GlobalSection(SolutionConfigurationPlatforms) = preSolution
		Debug|x64 = Debug|x64
		Debug|x86 = Debug|x86
		Release|x64 = Release|x64
		Release|x86 = Release|x86
	EndGlobalSection
	GlobalSection(ProjectConfigurationPlatforms) = postSolution
		{E0D99EFE-E18E-474E-8EA3-68861DFE0431}.Debug|x64.ActiveCfg = Debug|x64
		{E0D99EFE-E18E-474E-8EA3-68861DFE0431}.Debug|x64.Build.0 = Debug|x64
		{E0D99EFE-E18E-474E-8EA3-68861DFE0431}.Debug|x86.ActiveCfg = Debug|Win32
		{E0D99EFE-E18E-474E-8EA3-68861DFE0431}.Debug|x86.Build.0 = Debug|Win32
		{E0D99EFE-E18E-474E-8EA3-68861DFE0431}.Release|x64.ActiveCfg = Release|x64
		{E0D99EFE-E18E-474E-8EA3-68861DFE0431}.Release|x64.Build.0 = Release|x64
		{E0D99EFE-E18E-474E-8EA3-68861DFE0431}.Release|x86.ActiveCfg = Release|Win32
		{E0D99EFE-E18E-474E-8EA3-68861DFE0431}.Release|x86.Build.0 = Release|Win32
	EndGlobalSection
	GlobalSection(SolutionProperties) = preSolution
		HideSolutionNode = FALSE
	EndGlobalSection
	GlobalSection(ExtensibilityGlobals) = postSolution
		SolutionGuid = {ADD6DC90-E3AE-42EA-A236-11E20C8440FC}
	EndGlobalSection
EndGlobal
